lockfileVersion: 5.4

specifiers:
  '@grammyjs/conversations': ^1.1.1
  '@grammyjs/files': ^1.0.4
  '@types/bent': ^7.3.3
  '@types/flake-idgen': ^0.1.31
  '@types/temp': ^0.9.1
  '@types/xlsx': ^0.0.36
  bent: ^7.3.12
  dotenv: ^16.0.3
  flake-idgen: ^1.4.0
  form-data: ^4.0.0
  grammy: ^1.15.3
  jsdb: ^1.0.3
  libphonenumber-js: ^1.10.24
  temp: ^0.9.4
  typescript: ^4.9.5
  xlsx: https://cdn.sheetjs.com/xlsx-0.18.11/xlsx-0.18.11.tgz

dependencies:
  '@grammyjs/conversations': 1.1.1_grammy@1.15.3
  '@grammyjs/files': 1.0.4_grammy@1.15.3
  bent: 7.3.12
  dotenv: 16.0.3
  flake-idgen: 1.4.0
  form-data: 4.0.0
  grammy: 1.15.3
  jsdb: 1.0.3
  libphonenumber-js: 1.10.24
  temp: 0.9.4
  xlsx: '@cdn.sheetjs.com/xlsx-0.18.11/xlsx-0.18.11.tgz'

devDependencies:
  '@types/bent': 7.3.3
  '@types/flake-idgen': 0.1.31
  '@types/temp': 0.9.1
  '@types/xlsx': 0.0.36
  typescript: 4.9.5

packages:

  /@deno/shim-deno-test/0.4.0:
    resolution: {integrity: sha512-oYWcD7CpERZy/TXMTM9Tgh1HD/POHlbY9WpzmAk+5H8DohcxG415Qws8yLGlim3EaKBT2v3lJv01x4G0BosnaQ==}
    dev: false

  /@deno/shim-deno/0.11.0:
    resolution: {integrity: sha512-z5FRYleehfz1Z0Wp9jilB98cJRGV2HYiLN0FZu1/xwLrQk+hk5VaNKp1nEoyGrUM4MLruTlnhEbqHJwxfnbPLw==}
    dependencies:
      '@deno/shim-deno-test': 0.4.0
      which: 2.0.2
    dev: false

  /@grammyjs/conversations/1.1.1_grammy@1.15.3:
    resolution: {integrity: sha512-cgNvxIXaZT1eVw1ygdjCMvOY9m2Hk5iAwVjpjKSYpBSOyTBUV30/c0SEvCl+wVgTQpmd5m5E8WLfGMT4k4bdug==}
    engines: {node: ^12.20.0 || >=14.13.1}
    peerDependencies:
      grammy: ^1.10.0
    dependencies:
      '@grammyjs/types': 2.12.1
      debug: 4.3.4
      grammy: 1.15.3
      o-son: 1.0.1
    transitivePeerDependencies:
      - supports-color
    dev: false

  /@grammyjs/files/1.0.4_grammy@1.15.3:
    resolution: {integrity: sha512-GT7JWRH9cs5kIrBtUGwMwVEhb1w7Vtnc93UT3zM/HYigmeVd93wWaIqyuSYsZq1VIB+9CSk0oz+ZsnxK83z7tg==}
    engines: {node: ^12.20.0 || >=14.13.1}
    peerDependencies:
      grammy: ^1.3.0
    dependencies:
      grammy: 1.15.3
    dev: false

  /@grammyjs/types/2.12.1:
    resolution: {integrity: sha512-1hO6esfdo42mSvyArPHrlgSY/fgerTuVNAbSD5ZKHS/w5ZyrkA4pRp3VHK2XE3fm9/uMBT/39i8pPvx0+Kbxjg==}
    dev: false

  /@grammyjs/types/3.0.3:
    resolution: {integrity: sha512-ca/7GGJVFaqETN0IkXPRBY/bLV/PwmiP8AOU7Lg0VJIELDMqPvHLM8xENtx3iVCUoEa8/SkWfvHt5wb8Kzz+Dg==}
    dev: false

  /@types/bent/7.3.3:
    resolution: {integrity: sha512-5NEIhVzHiZ6wMjFBmJ3gwjxwGug6amMoAn93rtDBttwrODxm+bt63u+MJA7H9NGGM4X1m73sJrAxDapktl036Q==}
    dependencies:
      '@types/node': 18.15.3
    dev: true

  /@types/flake-idgen/0.1.31:
    resolution: {integrity: sha512-faqfmhIoqOorqC8ff12aEDXe0wqcVNQ0Kb5G3E8lL6JmYivwTCAOP77kI038A1xEACB1rUrC+Ai6/6U8s1xEgA==}
    dependencies:
      '@types/node': 18.15.3
    dev: true

  /@types/node/18.15.3:
    resolution: {integrity: sha512-p6ua9zBxz5otCmbpb5D3U4B5Nanw6Pk3PPyX05xnxbB/fRv71N7CPmORg7uAD5P70T0xmx1pzAx/FUfa5X+3cw==}
    dev: true

  /@types/temp/0.9.1:
    resolution: {integrity: sha512-yDQ8Y+oQi9V7VkexwE6NBSVyNuyNFeGI275yWXASc2DjmxNicMi9O50KxDpNlST1kBbV9jKYBHGXhgNYFMPqtA==}
    dependencies:
      '@types/node': 18.15.3
    dev: true

  /@types/xlsx/0.0.36:
    resolution: {integrity: sha512-mvfrKiKKMErQzLMF8ElYEH21qxWCZtN59pHhWGmWCWFJStYdMWjkDSAy6mGowFxHXaXZWe5/TW7pBUiWclIVOw==}
    deprecated: This is a stub types definition for xlsx (https://github.com/sheetjs/js-xlsx). xlsx provides its own type definitions, so you don't need @types/xlsx installed!
    dependencies:
      xlsx: 0.18.5
    dev: true

  /abort-controller/3.0.0:
    resolution: {integrity: sha512-h8lQ8tacZYnR3vNQTgibj+tODHI5/+l06Au2Pcriv/Gmet0eaj4TwWH41sO9wnHDiQsEj19q0drzdWdeAHtweg==}
    engines: {node: '>=6.5'}
    dependencies:
      event-target-shim: 5.0.1
    dev: false

  /adler-32/1.3.1:
    resolution: {integrity: sha512-ynZ4w/nUUv5rrsR8UUGoe1VC9hZj6V5hU9Qw1HlMDJGEJw5S7TfTErWTjMys6M7vr0YWcPqs3qAr4ss0nDfP+A==}
    engines: {node: '>=0.8'}
    dev: true

  /asynckit/0.4.0:
    resolution: {integrity: sha512-Oei9OH4tRh0YqU3GxhX79dM/mwVgvbZJaSNaRk+bshkj0S5cfHcgYakreBjrHwatXKbz+IoIdYLxrKim2MjW0Q==}
    dev: false

  /balanced-match/1.0.2:
    resolution: {integrity: sha512-3oSeUO0TMV67hN1AmbXsK4yaqU7tjiHlbxRDZOpH0KW9+CeX4bRAaX0Anxt0tx2MrpRpWwQaPwIlISEJhYU5Pw==}
    dev: false

  /bent/7.3.12:
    resolution: {integrity: sha512-T3yrKnVGB63zRuoco/7Ybl7BwwGZR0lceoVG5XmQyMIH9s19SV5m+a8qam4if0zQuAmOQTyPTPmsQBdAorGK3w==}
    dependencies:
      bytesish: 0.4.4
      caseless: 0.12.0
      is-stream: 2.0.1
    dev: false

  /brace-expansion/1.1.11:
    resolution: {integrity: sha512-iCuPHDFgrHX7H2vEI/5xpz07zSHB00TpugqhmYtVmMO6518mCuRMoOYFldEBl0g187ufozdaHgWKcYFb61qGiA==}
    dependencies:
      balanced-match: 1.0.2
      concat-map: 0.0.1
    dev: false

  /bytesish/0.4.4:
    resolution: {integrity: sha512-i4uu6M4zuMUiyfZN4RU2+i9+peJh//pXhd9x1oSe1LBkZ3LEbCoygu8W0bXTukU1Jme2txKuotpCZRaC3FLxcQ==}
    dev: false

  /caseless/0.12.0:
    resolution: {integrity: sha512-4tYFyifaFfGacoiObjJegolkwSU4xQNGbVgUiNYVUxbQ2x2lUsFvY4hVgVzGiIe6WLOPqycWXA40l+PWsxthUw==}
    dev: false

  /cfb/1.2.2:
    resolution: {integrity: sha512-KfdUZsSOw19/ObEWasvBP/Ac4reZvAGauZhs6S/gqNhXhI7cKwvlH7ulj+dOEYnca4bm4SGo8C1bTAQvnTjgQA==}
    engines: {node: '>=0.8'}
    dependencies:
      adler-32: 1.3.1
      crc-32: 1.2.2
    dev: true

  /codepage/1.15.0:
    resolution: {integrity: sha512-3g6NUTPd/YtuuGrhMnOMRjFc+LJw/bnMp3+0r/Wcz3IXUuCosKRJvMphm5+Q+bvTVGcJJuRvVLuYba+WojaFaA==}
    engines: {node: '>=0.8'}
    dev: true

  /combined-stream/1.0.8:
    resolution: {integrity: sha512-FQN4MRfuJeHf7cBbBMJFXhKSDq+2kAArBlmRBvcvFE5BB1HZKXtSFASDhdlz9zOYwxh8lDdnvmMOe/+5cdoEdg==}
    engines: {node: '>= 0.8'}
    dependencies:
      delayed-stream: 1.0.0
    dev: false

  /concat-map/0.0.1:
    resolution: {integrity: sha512-/Srv4dswyQNBfohGpz9o6Yb3Gz3SrUDqBH5rTuhGR7ahtlbYKnVxw2bCFMRljaA7EXHaXZ8wsHdodFvbkhKmqg==}
    dev: false

  /crc-32/1.2.2:
    resolution: {integrity: sha512-ROmzCKrTnOwybPcJApAA6WBWij23HVfGVNKqqrZpuyZOHqK2CwHSvpGuyt/UNNvaIjEd8X5IFGp4Mh+Ie1IHJQ==}
    engines: {node: '>=0.8'}
    hasBin: true
    dev: true

  /debug/4.3.4:
    resolution: {integrity: sha512-PRWFHuSU3eDtQJPvnNY7Jcket1j0t5OuOsFzPPzsekD52Zl8qUfFIPEiswXqIvHWGVHOgX+7G/vCNNhehwxfkQ==}
    engines: {node: '>=6.0'}
    peerDependencies:
      supports-color: '*'
    peerDependenciesMeta:
      supports-color:
        optional: true
    dependencies:
      ms: 2.1.2
    dev: false

  /delayed-stream/1.0.0:
    resolution: {integrity: sha512-ZySD7Nf91aLB0RxL4KGrKHBXl7Eds1DAmEdcoVawXnLD7SDhpNgtuII2aAkg7a7QS41jxPSZ17p4VdGnMHk3MQ==}
    engines: {node: '>=0.4.0'}
    dev: false

  /dotenv/16.0.3:
    resolution: {integrity: sha512-7GO6HghkA5fYG9TYnNxi14/7K9f5occMlp3zXAuSxn7CKCxt9xbNWG7yF8hTCSUchlfWSe3uLmlPfigevRItzQ==}
    engines: {node: '>=12'}
    dev: false

  /event-target-shim/5.0.1:
    resolution: {integrity: sha512-i/2XbnSz/uxRCU6+NdVJgKWDTM427+MqYbkQzD321DuCQJUqOuJKIA0IM2+W2xtYHdKOmZ4dR6fExsd4SXL+WQ==}
    engines: {node: '>=6'}
    dev: false

  /flake-idgen/1.4.0:
    resolution: {integrity: sha512-l+dtBcIAwAPqmtDelZAAw0NzKOBosiu/3hAFH69W3n1rH8wkKN1hUp6SaR1tmH/NmzaCUQs1BFKULKVhqGWdMw==}
    dev: false

  /form-data/4.0.0:
    resolution: {integrity: sha512-ETEklSGi5t0QMZuiXoA/Q6vcnxcLQP5vdugSpuAyi6SVGi2clPPp+xgEhuMaHC+zGgn31Kd235W35f7Hykkaww==}
    engines: {node: '>= 6'}
    dependencies:
      asynckit: 0.4.0
      combined-stream: 1.0.8
      mime-types: 2.1.35
    dev: false

  /frac/1.1.2:
    resolution: {integrity: sha512-w/XBfkibaTl3YDqASwfDUqkna4Z2p9cFSr1aHDt0WoMTECnRfBOv2WArlZILlqgWlmdIlALXGpM2AOhEk5W3IA==}
    engines: {node: '>=0.8'}
    dev: true

  /fs.realpath/1.0.0:
    resolution: {integrity: sha512-OO0pH2lK6a0hZnAdau5ItzHPI6pUlvI7jMVnxUQRtw4owF2wk8lOSabtGDCTP4Ggrg2MbGnWO9X8K1t4+fGMDw==}
    dev: false

  /glob/7.2.3:
    resolution: {integrity: sha512-nFR0zLpU2YCaRxwoCJvL6UvCH2JFyFVIvwTLsIf21AuHlMskA1hhTdk+LlYJtOlYt9v6dvszD2BGRqBL+iQK9Q==}
    dependencies:
      fs.realpath: 1.0.0
      inflight: 1.0.6
      inherits: 2.0.4
      minimatch: 3.1.2
      once: 1.4.0
      path-is-absolute: 1.0.1
    dev: false

  /grammy/1.15.3:
    resolution: {integrity: sha512-uqkF4AMWiZTSwwzBeprRIEiOg3yXT7Ray37bpg2ew5jaX+cuIG5AUm30S2Vr8ezghjLZKgAg2tRi+r9f9uvMrg==}
    engines: {node: ^12.20.0 || >=14.13.1}
    dependencies:
      '@grammyjs/types': 3.0.3
      abort-controller: 3.0.0
      debug: 4.3.4
      node-fetch: 2.6.9
    transitivePeerDependencies:
      - encoding
      - supports-color
    dev: false

  /inflight/1.0.6:
    resolution: {integrity: sha512-k92I/b08q4wvFscXCLvqfsHCrjrF7yiXsQuIVvVE7N82W3+aqpzuUdBbfhWcy/FZR3/4IgflMgKLOsvPDrGCJA==}
    dependencies:
      once: 1.4.0
      wrappy: 1.0.2
    dev: false

  /inherits/2.0.4:
    resolution: {integrity: sha512-k/vGaX4/Yla3WzyMCvTQOXYeIHvqOKtnqBduzTHpzpQZzAskKMhZ2K+EnBiSM9zGSoIFeMpXKxa4dYeZIQqewQ==}
    dev: false

  /is-stream/2.0.1:
    resolution: {integrity: sha512-hFoiJiTl63nn+kstHGBtewWSKnQLpyb155KHheA1l39uvtO9nWIop1p3udqPcUd/xbF1VLMO4n7OI6p7RbngDg==}
    engines: {node: '>=8'}
    dev: false

  /isexe/2.0.0:
    resolution: {integrity: sha512-RHxMLp9lnKHGHRng9QFhRCMbYAcVpn69smSGcq3f36xjgVVWThj4qqLbTLlq7Ssj8B+fIQ1EuCEGI2lKsyQeIw==}
    dev: false

  /jsdb/1.0.3:
    resolution: {integrity: sha512-6pZqSM4TDXf2N6NhLVSDQxjjknfWA8buvaJHdIbztOSod9CLwrskpXmCKVFwIG/zYBqtm8c2EefJXxb7hiM4og==}
    dev: false

  /libphonenumber-js/1.10.24:
    resolution: {integrity: sha512-3Dk8f5AmrcWqg+oHhmm9hwSTqpWHBdSqsHmjCJGroULFubi0+x7JEIGmRZCuL3TI8Tx39xaKqfnhsDQ4ALa/Nw==}
    dev: false

  /mime-db/1.52.0:
    resolution: {integrity: sha512-sPU4uV7dYlvtWJxwwxHD0PuihVNiE7TyAbQ5SWxDCB9mUYvOgroQOwYQQOKPJ8CIbE+1ETVlOoK1UC2nU3gYvg==}
    engines: {node: '>= 0.6'}
    dev: false

  /mime-types/2.1.35:
    resolution: {integrity: sha512-ZDY+bPm5zTTF+YpCrAU9nK0UgICYPT0QtT1NZWFv4s++TNkcgVaT0g6+4R2uI4MjQjzysHB1zxuWL50hzaeXiw==}
    engines: {node: '>= 0.6'}
    dependencies:
      mime-db: 1.52.0
    dev: false

  /minimatch/3.1.2:
    resolution: {integrity: sha512-J7p63hRiAjw1NDEww1W7i37+ByIrOWO5XQQAzZ3VOcL0PNybwpfmV/N05zFAzwQ9USyEcX6t3UO+K5aqBQOIHw==}
    dependencies:
      brace-expansion: 1.1.11
    dev: false

  /minimist/1.2.8:
    resolution: {integrity: sha512-2yyAR8qBkN3YuheJanUpWC5U3bb5osDywNB8RzDVlDwDHbocAJveqqj1u8+SVD7jkWT4yvsHCpWqqWqAxb0zCA==}
    dev: false

  /mkdirp/0.5.6:
    resolution: {integrity: sha512-FP+p8RB8OWpF3YZBCrP5gtADmtXApB5AMLn+vdyA+PyxCjrCs00mjyUozssO33cwDeT3wNGdLxJ5M//YqtHAJw==}
    hasBin: true
    dependencies:
      minimist: 1.2.8
    dev: false

  /ms/2.1.2:
    resolution: {integrity: sha512-sGkPx+VjMtmA6MX27oA4FBFELFCZZ4S4XqeGOXCv68tT+jb3vk/RyaKWP0PTKyWtmLSM0b+adUTEvbs1PEaH2w==}
    dev: false

  /node-fetch/2.6.9:
    resolution: {integrity: sha512-DJm/CJkZkRjKKj4Zi4BsKVZh3ValV5IR5s7LVZnW+6YMh0W1BfNA8XSs6DLMGYlId5F3KnA70uu2qepcR08Qqg==}
    engines: {node: 4.x || >=6.0.0}
    peerDependencies:
      encoding: ^0.1.0
    peerDependenciesMeta:
      encoding:
        optional: true
    dependencies:
      whatwg-url: 5.0.0
    dev: false

  /o-son/1.0.1:
    resolution: {integrity: sha512-u3X+gVI4BalcHsFe75miy3UxG3pNcJzXDCS8N5eJLlYY1EdiUC8amUsbXMWlAqJUKJgGTM9OBqAuxvTUACKs2g==}
    dependencies:
      '@deno/shim-deno': 0.11.0
    dev: false

  /once/1.4.0:
    resolution: {integrity: sha512-lNaJgI+2Q5URQBkccEKHTQOPaXdUxnZZElQTZY0MFUAuaEqe1E+Nyvgdz/aIyNi6Z9MzO5dv1H8n58/GELp3+w==}
    dependencies:
      wrappy: 1.0.2
    dev: false

  /path-is-absolute/1.0.1:
    resolution: {integrity: sha512-AVbw3UJ2e9bq64vSaS9Am0fje1Pa8pbGqTTsmXfaIiMpnr5DlDhfJOuLj9Sf95ZPVDAUerDfEk88MPmPe7UCQg==}
    engines: {node: '>=0.10.0'}
    dev: false

  /rimraf/2.6.3:
    resolution: {integrity: sha512-mwqeW5XsA2qAejG46gYdENaxXjx9onRNCfn7L0duuP4hCuTIi/QO7PDK07KJfp1d+izWPrzEJDcSqBa0OZQriA==}
    hasBin: true
    dependencies:
      glob: 7.2.3
    dev: false

  /ssf/0.11.2:
    resolution: {integrity: sha512-+idbmIXoYET47hH+d7dfm2epdOMUDjqcB4648sTZ+t2JwoyBFL/insLfB/racrDmsKB3diwsDA696pZMieAC5g==}
    engines: {node: '>=0.8'}
    dependencies:
      frac: 1.1.2
    dev: true

  /temp/0.9.4:
    resolution: {integrity: sha512-yYrrsWnrXMcdsnu/7YMYAofM1ktpL5By7vZhf15CrXijWWrEYZks5AXBudalfSWJLlnen/QUJUB5aoB0kqZUGA==}
    engines: {node: '>=6.0.0'}
    dependencies:
      mkdirp: 0.5.6
      rimraf: 2.6.3
    dev: false

  /tr46/0.0.3:
    resolution: {integrity: sha512-N3WMsuqV66lT30CrXNbEjx4GEwlow3v6rr4mCcv6prnfwhS01rkgyFdjPNBYd9br7LpXV1+Emh01fHnq2Gdgrw==}
    dev: false

  /typescript/4.9.5:
    resolution: {integrity: sha512-1FXk9E2Hm+QzZQ7z+McJiHL4NW1F2EzMu9Nq9i3zAaGqibafqYwCVU6WyWAuyQRRzOlxou8xZSyXLEN8oKj24g==}
    engines: {node: '>=4.2.0'}
    hasBin: true
    dev: true

  /webidl-conversions/3.0.1:
    resolution: {integrity: sha512-2JAn3z8AR6rjK8Sm8orRC0h/bcl/DqL7tRPdGZ4I1CjdF+EaMLmYxBHyXuKL849eucPFhvBoxMsflfOb8kxaeQ==}
    dev: false

  /whatwg-url/5.0.0:
    resolution: {integrity: sha512-saE57nupxk6v3HY35+jzBwYa0rKSy0XR8JSxZPwgLr7ys0IBzhGviA1/TUGJLmSVqs8pb9AnvICXEuOHLprYTw==}
    dependencies:
      tr46: 0.0.3
      webidl-conversions: 3.0.1
    dev: false

  /which/2.0.2:
    resolution: {integrity: sha512-BLI3Tl1TW3Pvl70l3yq3Y64i+awpwXqsGBYWkkqMtnbXgrMD+yj7rhW0kuEDxzJaYXGjEW5ogapKNMEKNMjibA==}
    engines: {node: '>= 8'}
    hasBin: true
    dependencies:
      isexe: 2.0.0
    dev: false

  /wmf/1.0.2:
    resolution: {integrity: sha512-/p9K7bEh0Dj6WbXg4JG0xvLQmIadrner1bi45VMJTfnbVHsc7yIajZyoSoK60/dtVBs12Fm6WkUI5/3WAVsNMw==}
    engines: {node: '>=0.8'}
    dev: true

  /word/0.3.0:
    resolution: {integrity: sha512-OELeY0Q61OXpdUfTp+oweA/vtLVg5VDOXh+3he3PNzLGG/y0oylSOC1xRVj0+l4vQ3tj/bB1HVHv1ocXkQceFA==}
    engines: {node: '>=0.8'}
    dev: true

  /wrappy/1.0.2:
    resolution: {integrity: sha512-l4Sp/DRseor9wL6EvV2+TuQn63dMkPjZ/sp9XkghTEbV9KlPS1xUsZ3u7/IQO4wxtcFB4bgpQPRcR3QCvezPcQ==}
    dev: false

  /xlsx/0.18.5:
    resolution: {integrity: sha512-dmg3LCjBPHZnQp5/F/+nnTa+miPJxUXB6vtk42YjBBKayDNagxGEeIdWApkYPOf3Z3pm3k62Knjzp7lMeTEtFQ==}
    engines: {node: '>=0.8'}
    hasBin: true
    dependencies:
      adler-32: 1.3.1
      cfb: 1.2.2
      codepage: 1.15.0
      crc-32: 1.2.2
      ssf: 0.11.2
      wmf: 1.0.2
      word: 0.3.0
    dev: true

  '@cdn.sheetjs.com/xlsx-0.18.11/xlsx-0.18.11.tgz':
    resolution: {tarball: https://cdn.sheetjs.com/xlsx-0.18.11/xlsx-0.18.11.tgz}
    name: xlsx
    version: 0.18.11
    engines: {node: '>=0.8'}
    hasBin: true
    dev: false
